
Microsoft Visual Studio Solution File, Format Version 12.00
# Visual Studio Version 16
VisualStudioVersion = 16.0.29926.136
MinimumVisualStudioVersion = 10.0.40219.1
Project("{FAE04EC0-301F-11D3-BF4B-00C04F79EFBC}") = "IterationDrill", "IterationDrill\IterationDrill.csproj", "{5E9BBF2D-0730-4B07-9271-5F7AE8AB416E}"
EndProject
Global
	GlobalSection(SolutionConfigurationPlatforms) = preSolution
		Debug|Any CPU = Debug|Any CPU
		Release|Any CPU = Release|Any CPU
	EndGlobalSection
	GlobalSection(ProjectConfigurationPlatforms) = postSolution
		{5E9BBF2D-0730-4B07-9271-5F7AE8AB416E}.Debug|Any CPU.ActiveCfg = Debug|Any CPU
		{5E9BBF2D-0730-4B07-9271-5F7AE8AB416E}.Debug|Any CPU.Build.0 = Debug|Any CPU
		{5E9BBF2D-0730-4B07-9271-5F7AE8AB416E}.Release|Any CPU.ActiveCfg = Release|Any CPU
		{5E9BBF2D-0730-4B07-9271-5F7AE8AB416E}.Release|Any CPU.Build.0 = Release|Any CPU
	EndGlobalSection
	GlobalSection(SolutionProperties) = preSolution
		HideSolutionNode = FALSE
	EndGlobalSection
	GlobalSection(ExtensibilityGlobals) = postSolution
		SolutionGuid = {F1014C9F-EF22-446E-AA51-09E9673F14E0}
	EndGlobalSection
EndGlobal
