
Microsoft Visual Studio Solution File, Format Version 12.00
# Visual Studio Version 16
VisualStudioVersion = 16.0.30011.22
MinimumVisualStudioVersion = 10.0.40219.1
Project("{FAE04EC0-301F-11D3-BF4B-00C04F79EFBC}") = "Structs", "Structs\Structs.csproj", "{3C4084B7-A0AA-42EC-905B-8FBF703C716C}"
EndProject
Global
	GlobalSection(SolutionConfigurationPlatforms) = preSolution
		Debug|Any CPU = Debug|Any CPU
		Release|Any CPU = Release|Any CPU
	EndGlobalSection
	GlobalSection(ProjectConfigurationPlatforms) = postSolution
		{3C4084B7-A0AA-42EC-905B-8FBF703C716C}.Debug|Any CPU.ActiveCfg = Debug|Any CPU
		{3C4084B7-A0AA-42EC-905B-8FBF703C716C}.Debug|Any CPU.Build.0 = Debug|Any CPU
		{3C4084B7-A0AA-42EC-905B-8FBF703C716C}.Release|Any CPU.ActiveCfg = Release|Any CPU
		{3C4084B7-A0AA-42EC-905B-8FBF703C716C}.Release|Any CPU.Build.0 = Release|Any CPU
	EndGlobalSection
	GlobalSection(SolutionProperties) = preSolution
		HideSolutionNode = FALSE
	EndGlobalSection
	GlobalSection(ExtensibilityGlobals) = postSolution
		SolutionGuid = {68F2C53B-0FE3-4803-B6C6-54C5EA704D48}
	EndGlobalSection
EndGlobal
