
Microsoft Visual Studio Solution File, Format Version 12.00
# Visual Studio Version 16
VisualStudioVersion = 16.0.30011.22
MinimumVisualStudioVersion = 10.0.40219.1
Project("{FAE04EC0-301F-11D3-BF4B-00C04F79EFBC}") = "DateTimeDrill", "DateTimeDrill\DateTimeDrill.csproj", "{72E6057B-04B1-4940-82AE-3C7EA054BE0B}"
EndProject
Global
	GlobalSection(SolutionConfigurationPlatforms) = preSolution
		Debug|Any CPU = Debug|Any CPU
		Release|Any CPU = Release|Any CPU
	EndGlobalSection
	GlobalSection(ProjectConfigurationPlatforms) = postSolution
		{72E6057B-04B1-4940-82AE-3C7EA054BE0B}.Debug|Any CPU.ActiveCfg = Debug|Any CPU
		{72E6057B-04B1-4940-82AE-3C7EA054BE0B}.Debug|Any CPU.Build.0 = Debug|Any CPU
		{72E6057B-04B1-4940-82AE-3C7EA054BE0B}.Release|Any CPU.ActiveCfg = Release|Any CPU
		{72E6057B-04B1-4940-82AE-3C7EA054BE0B}.Release|Any CPU.Build.0 = Release|Any CPU
	EndGlobalSection
	GlobalSection(SolutionProperties) = preSolution
		HideSolutionNode = FALSE
	EndGlobalSection
	GlobalSection(ExtensibilityGlobals) = postSolution
		SolutionGuid = {0476501C-0980-4F55-8BE5-AA5502846657}
	EndGlobalSection
EndGlobal
