
Microsoft Visual Studio Solution File, Format Version 12.00
# Visual Studio Version 16
VisualStudioVersion = 16.0.30011.22
MinimumVisualStudioVersion = 10.0.40219.1
Project("{FAE04EC0-301F-11D3-BF4B-00C04F79EFBC}") = "MethodDrill5", "MethodDrill5\MethodDrill5.csproj", "{F4E99859-4CF7-46A8-8993-55BDAF55096E}"
EndProject
Global
	GlobalSection(SolutionConfigurationPlatforms) = preSolution
		Debug|Any CPU = Debug|Any CPU
		Release|Any CPU = Release|Any CPU
	EndGlobalSection
	GlobalSection(ProjectConfigurationPlatforms) = postSolution
		{F4E99859-4CF7-46A8-8993-55BDAF55096E}.Debug|Any CPU.ActiveCfg = Debug|Any CPU
		{F4E99859-4CF7-46A8-8993-55BDAF55096E}.Debug|Any CPU.Build.0 = Debug|Any CPU
		{F4E99859-4CF7-46A8-8993-55BDAF55096E}.Release|Any CPU.ActiveCfg = Release|Any CPU
		{F4E99859-4CF7-46A8-8993-55BDAF55096E}.Release|Any CPU.Build.0 = Release|Any CPU
	EndGlobalSection
	GlobalSection(SolutionProperties) = preSolution
		HideSolutionNode = FALSE
	EndGlobalSection
	GlobalSection(ExtensibilityGlobals) = postSolution
		SolutionGuid = {A0EBD1DF-AC1E-4E1A-BAD5-1C1B95083F9B}
	EndGlobalSection
EndGlobal
