
Microsoft Visual Studio Solution File, Format Version 12.00
# Visual Studio Version 16
VisualStudioVersion = 16.0.30011.22
MinimumVisualStudioVersion = 10.0.40219.1
Project("{FAE04EC0-301F-11D3-BF4B-00C04F79EFBC}") = "MethodDrill4", "MethodDrill4\MethodDrill4.csproj", "{44EF271F-6F70-47F2-9BC7-5F32A6A8FD26}"
EndProject
Global
	GlobalSection(SolutionConfigurationPlatforms) = preSolution
		Debug|Any CPU = Debug|Any CPU
		Release|Any CPU = Release|Any CPU
	EndGlobalSection
	GlobalSection(ProjectConfigurationPlatforms) = postSolution
		{44EF271F-6F70-47F2-9BC7-5F32A6A8FD26}.Debug|Any CPU.ActiveCfg = Debug|Any CPU
		{44EF271F-6F70-47F2-9BC7-5F32A6A8FD26}.Debug|Any CPU.Build.0 = Debug|Any CPU
		{44EF271F-6F70-47F2-9BC7-5F32A6A8FD26}.Release|Any CPU.ActiveCfg = Release|Any CPU
		{44EF271F-6F70-47F2-9BC7-5F32A6A8FD26}.Release|Any CPU.Build.0 = Release|Any CPU
	EndGlobalSection
	GlobalSection(SolutionProperties) = preSolution
		HideSolutionNode = FALSE
	EndGlobalSection
	GlobalSection(ExtensibilityGlobals) = postSolution
		SolutionGuid = {7709DD9D-1A9B-44E4-8BC9-03420639623D}
	EndGlobalSection
EndGlobal
