
Microsoft Visual Studio Solution File, Format Version 12.00
# Visual Studio Version 16
VisualStudioVersion = 16.0.30011.22
MinimumVisualStudioVersion = 10.0.40219.1
Project("{FAE04EC0-301F-11D3-BF4B-00C04F79EFBC}") = "MethodDrill2", "MethodDrill2\MethodDrill2.csproj", "{9AFA44B3-D0D8-4DFF-882E-7BA91C5B1704}"
EndProject
Global
	GlobalSection(SolutionConfigurationPlatforms) = preSolution
		Debug|Any CPU = Debug|Any CPU
		Release|Any CPU = Release|Any CPU
	EndGlobalSection
	GlobalSection(ProjectConfigurationPlatforms) = postSolution
		{9AFA44B3-D0D8-4DFF-882E-7BA91C5B1704}.Debug|Any CPU.ActiveCfg = Debug|Any CPU
		{9AFA44B3-D0D8-4DFF-882E-7BA91C5B1704}.Debug|Any CPU.Build.0 = Debug|Any CPU
		{9AFA44B3-D0D8-4DFF-882E-7BA91C5B1704}.Release|Any CPU.ActiveCfg = Release|Any CPU
		{9AFA44B3-D0D8-4DFF-882E-7BA91C5B1704}.Release|Any CPU.Build.0 = Release|Any CPU
	EndGlobalSection
	GlobalSection(SolutionProperties) = preSolution
		HideSolutionNode = FALSE
	EndGlobalSection
	GlobalSection(ExtensibilityGlobals) = postSolution
		SolutionGuid = {7BA2F0D5-50B7-4E44-98C3-2B883BA212D8}
	EndGlobalSection
EndGlobal
